Microsoft Visual Studio Solution File, Format Version 12.00
# Visual Studio Version 16
VisualStudioVersion = 16.0.0.0
MinimumVisualStudioVersion = 16.0.0.0
Project("{9A19103F-16F7-4668-BE54-9A1E7A4F7556}") = "AspNetCore8.BlazorAuto", "AspNetCore8.BlazorAuto\AspNetCore8.BlazorAuto.csproj", "{D75A03C3-9D05-4C9D-8A72-ACE15C1313D5}"
EndProject
Project("{9A19103F-16F7-4668-BE54-9A1E7A4F7556}") = "AspNetCore8.BlazorAuto.Client", "AspNetCore8.BlazorAuto.Client\AspNetCore8.BlazorAuto.Client.csproj", "{30CBC821-1E91-40BF-9345-292902E02950}"
EndProject
Global
	GlobalSection(SolutionConfigurationPlatforms) = preSolution
		Debug|Any CPU = Debug|Any CPU
		Debug|x64 = Debug|x64
		Debug|x86 = Debug|x86
		Release|Any CPU = Release|Any CPU
		Release|x64 = Release|x64
		Release|x86 = Release|x86
	EndGlobalSection
	GlobalSection(ProjectConfigurationPlatforms) = postSolution
		{30CBC821-1E91-40BF-9345-292902E02950}.Debug|Any CPU.ActiveCfg = Debug|Any CPU
		{30CBC821-1E91-40BF-9345-292902E02950}.Debug|Any CPU.Build.0 = Debug|Any CPU
		{30CBC821-1E91-40BF-9345-292902E02950}.Debug|x64.ActiveCfg = Debug|Any CPU
		{30CBC821-1E91-40BF-9345-292902E02950}.Debug|x64.Build.0 = Debug|Any CPU
		{30CBC821-1E91-40BF-9345-292902E02950}.Debug|x86.ActiveCfg = Debug|Any CPU
		{30CBC821-1E91-40BF-9345-292902E02950}.Debug|x86.Build.0 = Debug|Any CPU
		{30CBC821-1E91-40BF-9345-292902E02950}.Release|Any CPU.ActiveCfg = Release|Any CPU
		{30CBC821-1E91-40BF-9345-292902E02950}.Release|Any CPU.Build.0 = Release|Any CPU
		{30CBC821-1E91-40BF-9345-292902E02950}.Release|x64.ActiveCfg = Release|Any CPU
		{30CBC821-1E91-40BF-9345-292902E02950}.Release|x64.Build.0 = Release|Any CPU
		{30CBC821-1E91-40BF-9345-292902E02950}.Release|x86.ActiveCfg = Release|Any CPU
		{30CBC821-1E91-40BF-9345-292902E02950}.Release|x86.Build.0 = Release|Any CPU
		{D75A03C3-9D05-4C9D-8A72-ACE15C1313D5}.Debug|Any CPU.ActiveCfg = Debug|Any CPU
		{D75A03C3-9D05-4C9D-8A72-ACE15C1313D5}.Debug|Any CPU.Build.0 = Debug|Any CPU
		{D75A03C3-9D05-4C9D-8A72-ACE15C1313D5}.Debug|x64.ActiveCfg = Debug|Any CPU
		{D75A03C3-9D05-4C9D-8A72-ACE15C1313D5}.Debug|x64.Build.0 = Debug|Any CPU
		{D75A03C3-9D05-4C9D-8A72-ACE15C1313D5}.Debug|x86.ActiveCfg = Debug|Any CPU
		{D75A03C3-9D05-4C9D-8A72-ACE15C1313D5}.Debug|x86.Build.0 = Debug|Any CPU
		{D75A03C3-9D05-4C9D-8A72-ACE15C1313D5}.Release|Any CPU.ActiveCfg = Release|Any CPU
		{D75A03C3-9D05-4C9D-8A72-ACE15C1313D5}.Release|Any CPU.Build.0 = Release|Any CPU
		{D75A03C3-9D05-4C9D-8A72-ACE15C1313D5}.Release|x64.ActiveCfg = Release|Any CPU
		{D75A03C3-9D05-4C9D-8A72-ACE15C1313D5}.Release|x64.Build.0 = Release|Any CPU
		{D75A03C3-9D05-4C9D-8A72-ACE15C1313D5}.Release|x86.ActiveCfg = Release|Any CPU
		{D75A03C3-9D05-4C9D-8A72-ACE15C1313D5}.Release|x86.Build.0 = Release|Any CPU
	EndGlobalSection
	GlobalSection(SolutionProperties) = preSolution
		HideSolutionNode = FALSE
	EndGlobalSection
	GlobalSection(ExtensibilityGlobals) = postSolution
		SolutionGuid = {21757107-891D-447F-B0A4-093C2D8F3F96}
	EndGlobalSection
EndGlobal
